// !$*UTF8*$!
{
	archiveVersion = 1;
	classes = {
	};
	objectVersion = 56;
	objects = {

/* Begin PBXBuildFile section */
		1704AF922A2C902B00481A64 /* ProductsView.swift in Sources */ = {isa = PBXBuildFile; fileRef = 1704AF912A2C902B00481A64 /* ProductsView.swift */; };
		1704AF942A2C903800481A64 /* ProductsViewModel.swift in Sources */ = {isa = PBXBuildFile; fileRef = 1704AF932A2C903800481A64 /* ProductsViewModel.swift */; };
		1704AF962A2C904400481A64 /* CollectionsView.swift in Sources */ = {isa = PBXBuildFile; fileRef = 1704AF952A2C904400481A64 /* CollectionsView.swift */; };
		1704AF982A2C904E00481A64 /* CollectionsViewModel.swift in Sources */ = {isa = PBXBuildFile; fileRef = 1704AF972A2C904E00481A64 /* CollectionsViewModel.swift */; };
		1704AF9A2A2C906000481A64 /* DiscountCodesViewModel.swift in Sources */ = {isa = PBXBuildFile; fileRef = 1704AF992A2C906000481A64 /* DiscountCodesViewModel.swift */; };
		1704AF9C2A2C907D00481A64 /* DiscountCodesView.swift in Sources */ = {isa = PBXBuildFile; fileRef = 1704AF9B2A2C907D00481A64 /* DiscountCodesView.swift */; };
		1704AFA02A2CA43A00481A64 /* ProductsQueries.graphql in Sources */ = {isa = PBXBuildFile; fileRef = 1704AF9F2A2CA43A00481A64 /* ProductsQueries.graphql */; };
		1704AFA22A2CA9A500481A64 /* ProductsMutations.graphql in Sources */ = {isa = PBXBuildFile; fileRef = 1704AFA12A2CA9A500481A64 /* ProductsMutations.graphql */; };
		1704AFA42A2CAFCF00481A64 /* DiscountCodesQueries.graphql in Sources */ = {isa = PBXBuildFile; fileRef = 1704AFA32A2CAFCE00481A64 /* DiscountCodesQueries.graphql */; };
		1704AFA62A2CBB3700481A64 /* DiscountCodesMutations.graphql in Sources */ = {isa = PBXBuildFile; fileRef = 1704AFA52A2CBB3700481A64 /* DiscountCodesMutations.graphql */; };
		1704AFA82A2CBDFA00481A64 /* CollectionsQueries.graphql in Sources */ = {isa = PBXBuildFile; fileRef = 1704AFA72A2CBDFA00481A64 /* CollectionsQueries.graphql */; };
		1704AFAA2A2CC01200481A64 /* CollectionsMutations.graphql in Sources */ = {isa = PBXBuildFile; fileRef = 1704AFA92A2CC01200481A64 /* CollectionsMutations.graphql */; };
		1704AFAC2A2CC10200481A64 /* admin_schema.json in Resources */ = {isa = PBXBuildFile; fileRef = 1704AFAB2A2CC10200481A64 /* admin_schema.json */; };
		1720FBD32A38C4C40002C777 /* DiscountCodeUpdateModels.swift in Sources */ = {isa = PBXBuildFile; fileRef = 1720FBD22A38C4C40002C777 /* DiscountCodeUpdateModels.swift */; };
		1720FBD52A38C5FA0002C777 /* AlertTypes.swift in Sources */ = {isa = PBXBuildFile; fileRef = 1720FBD42A38C5FA0002C777 /* AlertTypes.swift */; };
		1720FBD72A38C60A0002C777 /* DiscountCodeCategories.swift in Sources */ = {isa = PBXBuildFile; fileRef = 1720FBD62A38C60A0002C777 /* DiscountCodeCategories.swift */; };
		1720FBD92A38CC0D0002C777 /* DiscountCodeCreateModels.swift in Sources */ = {isa = PBXBuildFile; fileRef = 1720FBD82A38CC0D0002C777 /* DiscountCodeCreateModels.swift */; };
		174BB99A2A2CE22A00C61AC8 /* GraphQLAPI.swift in Sources */ = {isa = PBXBuildFile; fileRef = 174BB9992A2CE22A00C61AC8 /* GraphQLAPI.swift */; };
		174BB99F2A2CE8A000C61AC8 /* NetworkManager.swift in Sources */ = {isa = PBXBuildFile; fileRef = 174BB99E2A2CE8A000C61AC8 /* NetworkManager.swift */; };
		174BB9A22A2D06FD00C61AC8 /* ProductsGetAllModels.swift in Sources */ = {isa = PBXBuildFile; fileRef = 174BB9A12A2D06FD00C61AC8 /* ProductsGetAllModels.swift */; };
		174BB9A52A2D1E3600C61AC8 /* NetworkManaging.swift in Sources */ = {isa = PBXBuildFile; fileRef = 174BB9A42A2D1E3600C61AC8 /* NetworkManaging.swift */; };
		174BB9A82A2D1EA700C61AC8 /* Constants.swift in Sources */ = {isa = PBXBuildFile; fileRef = 174BB9A72A2D1EA700C61AC8 /* Constants.swift */; };
		174BB9AA2A2D1ED500C61AC8 /* TokenInterceptor.swift in Sources */ = {isa = PBXBuildFile; fileRef = 174BB9A92A2D1ED500C61AC8 /* TokenInterceptor.swift */; };
		174BB9AC2A2D1EF200C61AC8 /* NetworkInterceptorProvider.swift in Sources */ = {isa = PBXBuildFile; fileRef = 174BB9AB2A2D1EF100C61AC8 /* NetworkInterceptorProvider.swift */; };
		174BB9AE2A2D23DB00C61AC8 /* ProductCell.swift in Sources */ = {isa = PBXBuildFile; fileRef = 174BB9AD2A2D23DB00C61AC8 /* ProductCell.swift */; };
		174BB9B02A2D299E00C61AC8 /* Extensions.swift in Sources */ = {isa = PBXBuildFile; fileRef = 174BB9AF2A2D299E00C61AC8 /* Extensions.swift */; };
		176299D82A3DCB4E0013492B /* NetworkManagerTest.swift in Sources */ = {isa = PBXBuildFile; fileRef = 176299D72A3DCB4E0013492B /* NetworkManagerTest.swift */; };
		176299DA2A3DDC960013492B /* MockNetworkManagerResponses.swift in Sources */ = {isa = PBXBuildFile; fileRef = 176299D92A3DDC960013492B /* MockNetworkManagerResponses.swift */; };
		176299DC2A3DDD3B0013492B /* MockNetworkManagerMethods.swift in Sources */ = {isa = PBXBuildFile; fileRef = 176299DB2A3DDD3B0013492B /* MockNetworkManagerMethods.swift */; };
		176299DE2A3DDF9E0013492B /* MockNetworkManagerTest.swift in Sources */ = {isa = PBXBuildFile; fileRef = 176299DD2A3DDF9E0013492B /* MockNetworkManagerTest.swift */; };
		1768C8242A37A19A0073B96D /* ProductUpdateModels.swift in Sources */ = {isa = PBXBuildFile; fileRef = 1768C8232A37A19A0073B96D /* ProductUpdateModels.swift */; };
		177044262A4380C9000AC7EA /* LoginViewModel.swift in Sources */ = {isa = PBXBuildFile; fileRef = 177044252A4380C9000AC7EA /* LoginViewModel.swift */; };
		177044282A4380D0000AC7EA /* LoginView.swift in Sources */ = {isa = PBXBuildFile; fileRef = 177044272A4380D0000AC7EA /* LoginView.swift */; };
		1770442A2A43811D000AC7EA /* InputView.swift in Sources */ = {isa = PBXBuildFile; fileRef = 177044292A43811D000AC7EA /* InputView.swift */; };
		1770442C2A438245000AC7EA /* AppViewModel.swift in Sources */ = {isa = PBXBuildFile; fileRef = 1770442B2A438245000AC7EA /* AppViewModel.swift */; };
		17774EE02A39EEB400A628DC /* DiscountCodeDeletionModels.swift in Sources */ = {isa = PBXBuildFile; fileRef = 17774EDF2A39EEB400A628DC /* DiscountCodeDeletionModels.swift */; };
		17A5F8D02A3CA38600882772 /* CheckmarkView.swift in Sources */ = {isa = PBXBuildFile; fileRef = 17A5F8CF2A3CA38600882772 /* CheckmarkView.swift */; };
		17A5F8D22A3CA3A500882772 /* SearchBar.swift in Sources */ = {isa = PBXBuildFile; fileRef = 17A5F8D12A3CA3A500882772 /* SearchBar.swift */; };
		17A5F8D42A3CC4BF00882772 /* TextFieldWithPlusAnndMinusButtons.swift in Sources */ = {isa = PBXBuildFile; fileRef = 17A5F8D32A3CC4BE00882772 /* TextFieldWithPlusAnndMinusButtons.swift */; };
		17B4C58F2A4203870065A72B /* NetworkChecker.swift in Sources */ = {isa = PBXBuildFile; fileRef = 17B4C58E2A4203860065A72B /* NetworkChecker.swift */; };
		17B4C5932A423AE50065A72B /* loading.json in Resources */ = {isa = PBXBuildFile; fileRef = 17B4C5922A423AE50065A72B /* loading.json */; };
		17B4C5952A423B870065A72B /* LottieCustomView.swift in Sources */ = {isa = PBXBuildFile; fileRef = 17B4C5942A423B870065A72B /* LottieCustomView.swift */; };
		17D3D94C2A2E630200565FD8 /* ProductFormView.swift in Sources */ = {isa = PBXBuildFile; fileRef = 17D3D94B2A2E630200565FD8 /* ProductFormView.swift */; };
		17D3D94E2A2E7F1B00565FD8 /* ProductFormViewModel.swift in Sources */ = {isa = PBXBuildFile; fileRef = 17D3D94D2A2E7F1B00565FD8 /* ProductFormViewModel.swift */; };
		17D3D9502A2E867A00565FD8 /* ProductCreationModels.swift in Sources */ = {isa = PBXBuildFile; fileRef = 17D3D94F2A2E867A00565FD8 /* ProductCreationModels.swift */; };
		17D5C0B12A2BE0F200BAC8BC /* EasyBuyAdminApp.swift in Sources */ = {isa = PBXBuildFile; fileRef = 17D5C0B02A2BE0F200BAC8BC /* EasyBuyAdminApp.swift */; };
		17D5C0B32A2BE0F200BAC8BC /* ContentView.swift in Sources */ = {isa = PBXBuildFile; fileRef = 17D5C0B22A2BE0F200BAC8BC /* ContentView.swift */; };
		17D5C0B52A2BE0F400BAC8BC /* Assets.xcassets in Resources */ = {isa = PBXBuildFile; fileRef = 17D5C0B42A2BE0F400BAC8BC /* Assets.xcassets */; };
		17D5C0B82A2BE0F400BAC8BC /* Preview Assets.xcassets in Resources */ = {isa = PBXBuildFile; fileRef = 17D5C0B72A2BE0F400BAC8BC /* Preview Assets.xcassets */; };
		17D5C0CC2A2BE0F500BAC8BC /* EasyBuyAdminUITests.swift in Sources */ = {isa = PBXBuildFile; fileRef = 17D5C0CB2A2BE0F500BAC8BC /* EasyBuyAdminUITests.swift */; };
		17D5C0CE2A2BE0F500BAC8BC /* EasyBuyAdminUITestsLaunchTests.swift in Sources */ = {isa = PBXBuildFile; fileRef = 17D5C0CD2A2BE0F500BAC8BC /* EasyBuyAdminUITestsLaunchTests.swift */; };
		17D5C0EA2A2BE6C400BAC8BC /* Kingfisher in Frameworks */ = {isa = PBXBuildFile; productRef = 17D5C0E92A2BE6C400BAC8BC /* Kingfisher */; };
		17D5C0ED2A2BE6D400BAC8BC /* Lottie in Frameworks */ = {isa = PBXBuildFile; productRef = 17D5C0EC2A2BE6D400BAC8BC /* Lottie */; };
		17D5C0F02A2BE6E500BAC8BC /* Alamofire in Frameworks */ = {isa = PBXBuildFile; productRef = 17D5C0EF2A2BE6E500BAC8BC /* Alamofire */; };
		17E5DE562A38721F00C59B4A /* DiscountCodesGetAllModels.swift in Sources */ = {isa = PBXBuildFile; fileRef = 17E5DE552A38721F00C59B4A /* DiscountCodesGetAllModels.swift */; };
		17E5DE582A3872E600C59B4A /* DiscountCodeCell.swift in Sources */ = {isa = PBXBuildFile; fileRef = 17E5DE572A3872E600C59B4A /* DiscountCodeCell.swift */; };
		17E5DE5A2A3872F200C59B4A /* DiscountCodeCellViewModel.swift in Sources */ = {isa = PBXBuildFile; fileRef = 17E5DE592A3872F200C59B4A /* DiscountCodeCellViewModel.swift */; };
		17E5DE5C2A3899D000C59B4A /* DiscountCodeFormView.swift in Sources */ = {isa = PBXBuildFile; fileRef = 17E5DE5B2A3899D000C59B4A /* DiscountCodeFormView.swift */; };
		17E5DE5E2A3899E400C59B4A /* DiscountCodeFormViewModel.swift in Sources */ = {isa = PBXBuildFile; fileRef = 17E5DE5D2A3899E400C59B4A /* DiscountCodeFormViewModel.swift */; };
		17E73D452A3B759700B5D765 /* CollectionDeletionModels.swift in Sources */ = {isa = PBXBuildFile; fileRef = 17E73D442A3B759700B5D765 /* CollectionDeletionModels.swift */; };
		17E73D472A3B75A900B5D765 /* CollectionCreationModels.swift in Sources */ = {isa = PBXBuildFile; fileRef = 17E73D462A3B75A900B5D765 /* CollectionCreationModels.swift */; };
		17E73D492A3B75BE00B5D765 /* CollectionsGetAllModels.swift in Sources */ = {isa = PBXBuildFile; fileRef = 17E73D482A3B75BE00B5D765 /* CollectionsGetAllModels.swift */; };
		17E73D4B2A3B75D000B5D765 /* CollectionUpdateModels.swift in Sources */ = {isa = PBXBuildFile; fileRef = 17E73D4A2A3B75D000B5D765 /* CollectionUpdateModels.swift */; };
		17E73D4D2A3BA78200B5D765 /* CollectionsCell.swift in Sources */ = {isa = PBXBuildFile; fileRef = 17E73D4C2A3BA78200B5D765 /* CollectionsCell.swift */; };
		17E73D4F2A3BB48800B5D765 /* CollectionFormView.swift in Sources */ = {isa = PBXBuildFile; fileRef = 17E73D4E2A3BB48800B5D765 /* CollectionFormView.swift */; };
		17E73D512A3BB49800B5D765 /* CollectionCellViewModel.swift in Sources */ = {isa = PBXBuildFile; fileRef = 17E73D502A3BB49800B5D765 /* CollectionCellViewModel.swift */; };
		17E73D532A3BB4A400B5D765 /* CollectionFormViewModel.swift in Sources */ = {isa = PBXBuildFile; fileRef = 17E73D522A3BB4A400B5D765 /* CollectionFormViewModel.swift */; };
		17F983C92A311F96005BECC0 /* ProductCellViewModel.swift in Sources */ = {isa = PBXBuildFile; fileRef = 17F983C82A311F96005BECC0 /* ProductCellViewModel.swift */; };
		17F983CB2A3120D4005BECC0 /* ProductDeletionModels.swift in Sources */ = {isa = PBXBuildFile; fileRef = 17F983CA2A3120D4005BECC0 /* ProductDeletionModels.swift */; };
		31C23585F28F5F3AA1E089D1 /* Pods_EasyBuyAdminTests.framework in Frameworks */ = {isa = PBXBuildFile; fileRef = 5D49AAD45F5423A46EC810B4 /* Pods_EasyBuyAdminTests.framework */; };
		3C71CD040B9A0994A122C726 /* Pods_EasyBuyAdmin_EasyBuyAdminUITests.framework in Frameworks */ = {isa = PBXBuildFile; fileRef = 4FB1DF3D032FCCC75D341691 /* Pods_EasyBuyAdmin_EasyBuyAdminUITests.framework */; };
		E1366E3A16CB04374069421E /* Pods_EasyBuyAdmin.framework in Frameworks */ = {isa = PBXBuildFile; fileRef = 7C06626AF143AB2561DFE628 /* Pods_EasyBuyAdmin.framework */; };
/* End PBXBuildFile section */

/* Begin PBXContainerItemProxy section */
		17D5C0BE2A2BE0F500BAC8BC /* PBXContainerItemProxy */ = {
			isa = PBXContainerItemProxy;
			containerPortal = 17D5C0A52A2BE0F200BAC8BC /* Project object */;
			proxyType = 1;
			remoteGlobalIDString = 17D5C0AC2A2BE0F200BAC8BC;
			remoteInfo = EasyBuyAdmin;
		};
		17D5C0C82A2BE0F500BAC8BC /* PBXContainerItemProxy */ = {
			isa = PBXContainerItemProxy;
			containerPortal = 17D5C0A52A2BE0F200BAC8BC /* Project object */;
			proxyType = 1;
			remoteGlobalIDString = 17D5C0AC2A2BE0F200BAC8BC;
			remoteInfo = EasyBuyAdmin;
		};
/* End PBXContainerItemProxy section */

/* Begin PBXFileReference section */
		1704AF912A2C902B00481A64 /* ProductsView.swift */ = {isa = PBXFileReference; lastKnownFileType = sourcecode.swift; path = ProductsView.swift; sourceTree = "<group>"; };
		1704AF932A2C903800481A64 /* ProductsViewModel.swift */ = {isa = PBXFileReference; lastKnownFileType = sourcecode.swift; path = ProductsViewModel.swift; sourceTree = "<group>"; };
		1704AF952A2C904400481A64 /* CollectionsView.swift */ = {isa = PBXFileReference; lastKnownFileType = sourcecode.swift; path = CollectionsView.swift; sourceTree = "<group>"; };
		1704AF972A2C904E00481A64 /* CollectionsViewModel.swift */ = {isa = PBXFileReference; lastKnownFileType = sourcecode.swift; path = CollectionsViewModel.swift; sourceTree = "<group>"; };
		1704AF992A2C906000481A64 /* DiscountCodesViewModel.swift */ = {isa = PBXFileReference; lastKnownFileType = sourcecode.swift; path = DiscountCodesViewModel.swift; sourceTree = "<group>"; };
		1704AF9B2A2C907D00481A64 /* DiscountCodesView.swift */ = {isa = PBXFileReference; lastKnownFileType = sourcecode.swift; path = DiscountCodesView.swift; sourceTree = "<group>"; };
		1704AF9F2A2CA43A00481A64 /* ProductsQueries.graphql */ = {isa = PBXFileReference; lastKnownFileType = text; path = ProductsQueries.graphql; sourceTree = "<group>"; };
		1704AFA12A2CA9A500481A64 /* ProductsMutations.graphql */ = {isa = PBXFileReference; lastKnownFileType = text; path = ProductsMutations.graphql; sourceTree = "<group>"; };
		1704AFA32A2CAFCE00481A64 /* DiscountCodesQueries.graphql */ = {isa = PBXFileReference; lastKnownFileType = text; path = DiscountCodesQueries.graphql; sourceTree = "<group>"; };
		1704AFA52A2CBB3700481A64 /* DiscountCodesMutations.graphql */ = {isa = PBXFileReference; lastKnownFileType = text; path = DiscountCodesMutations.graphql; sourceTree = "<group>"; };
		1704AFA72A2CBDFA00481A64 /* CollectionsQueries.graphql */ = {isa = PBXFileReference; lastKnownFileType = text; path = CollectionsQueries.graphql; sourceTree = "<group>"; };
		1704AFA92A2CC01200481A64 /* CollectionsMutations.graphql */ = {isa = PBXFileReference; lastKnownFileType = text; path = CollectionsMutations.graphql; sourceTree = "<group>"; };
		1704AFAB2A2CC10200481A64 /* admin_schema.json */ = {isa = PBXFileReference; fileEncoding = 4; lastKnownFileType = text.json; path = admin_schema.json; sourceTree = "<group>"; };
		1720FBD22A38C4C40002C777 /* DiscountCodeUpdateModels.swift */ = {isa = PBXFileReference; lastKnownFileType = sourcecode.swift; path = DiscountCodeUpdateModels.swift; sourceTree = "<group>"; };
		1720FBD42A38C5FA0002C777 /* AlertTypes.swift */ = {isa = PBXFileReference; lastKnownFileType = sourcecode.swift; path = AlertTypes.swift; sourceTree = "<group>"; };
		1720FBD62A38C60A0002C777 /* DiscountCodeCategories.swift */ = {isa = PBXFileReference; lastKnownFileType = sourcecode.swift; path = DiscountCodeCategories.swift; sourceTree = "<group>"; };
		1720FBD82A38CC0D0002C777 /* DiscountCodeCreateModels.swift */ = {isa = PBXFileReference; lastKnownFileType = sourcecode.swift; path = DiscountCodeCreateModels.swift; sourceTree = "<group>"; };
		174BB9992A2CE22A00C61AC8 /* GraphQLAPI.swift */ = {isa = PBXFileReference; fileEncoding = 4; lastKnownFileType = sourcecode.swift; path = GraphQLAPI.swift; sourceTree = "<group>"; };
		174BB99E2A2CE8A000C61AC8 /* NetworkManager.swift */ = {isa = PBXFileReference; lastKnownFileType = sourcecode.swift; path = NetworkManager.swift; sourceTree = "<group>"; };
		174BB9A12A2D06FD00C61AC8 /* ProductsGetAllModels.swift */ = {isa = PBXFileReference; lastKnownFileType = sourcecode.swift; path = ProductsGetAllModels.swift; sourceTree = "<group>"; };
		174BB9A42A2D1E3600C61AC8 /* NetworkManaging.swift */ = {isa = PBXFileReference; lastKnownFileType = sourcecode.swift; path = NetworkManaging.swift; sourceTree = "<group>"; };
		174BB9A72A2D1EA700C61AC8 /* Constants.swift */ = {isa = PBXFileReference; lastKnownFileType = sourcecode.swift; path = Constants.swift; sourceTree = "<group>"; };
		174BB9A92A2D1ED500C61AC8 /* TokenInterceptor.swift */ = {isa = PBXFileReference; lastKnownFileType = sourcecode.swift; path = TokenInterceptor.swift; sourceTree = "<group>"; };
		174BB9AB2A2D1EF100C61AC8 /* NetworkInterceptorProvider.swift */ = {isa = PBXFileReference; lastKnownFileType = sourcecode.swift; path = NetworkInterceptorProvider.swift; sourceTree = "<group>"; };
		174BB9AD2A2D23DB00C61AC8 /* ProductCell.swift */ = {isa = PBXFileReference; lastKnownFileType = sourcecode.swift; path = ProductCell.swift; sourceTree = "<group>"; };
		174BB9AF2A2D299E00C61AC8 /* Extensions.swift */ = {isa = PBXFileReference; lastKnownFileType = sourcecode.swift; path = Extensions.swift; sourceTree = "<group>"; };
		176299D72A3DCB4E0013492B /* NetworkManagerTest.swift */ = {isa = PBXFileReference; lastKnownFileType = sourcecode.swift; path = NetworkManagerTest.swift; sourceTree = "<group>"; };
		176299D92A3DDC960013492B /* MockNetworkManagerResponses.swift */ = {isa = PBXFileReference; lastKnownFileType = sourcecode.swift; path = MockNetworkManagerResponses.swift; sourceTree = "<group>"; };
		176299DB2A3DDD3B0013492B /* MockNetworkManagerMethods.swift */ = {isa = PBXFileReference; lastKnownFileType = sourcecode.swift; path = MockNetworkManagerMethods.swift; sourceTree = "<group>"; };
		176299DD2A3DDF9E0013492B /* MockNetworkManagerTest.swift */ = {isa = PBXFileReference; lastKnownFileType = sourcecode.swift; path = MockNetworkManagerTest.swift; sourceTree = "<group>"; };
		1768C8232A37A19A0073B96D /* ProductUpdateModels.swift */ = {isa = PBXFileReference; lastKnownFileType = sourcecode.swift; path = ProductUpdateModels.swift; sourceTree = "<group>"; };
		177044252A4380C9000AC7EA /* LoginViewModel.swift */ = {isa = PBXFileReference; lastKnownFileType = sourcecode.swift; path = LoginViewModel.swift; sourceTree = "<group>"; };
		177044272A4380D0000AC7EA /* LoginView.swift */ = {isa = PBXFileReference; lastKnownFileType = sourcecode.swift; path = LoginView.swift; sourceTree = "<group>"; };
		177044292A43811D000AC7EA /* InputView.swift */ = {isa = PBXFileReference; lastKnownFileType = sourcecode.swift; path = InputView.swift; sourceTree = "<group>"; };
		1770442B2A438245000AC7EA /* AppViewModel.swift */ = {isa = PBXFileReference; lastKnownFileType = sourcecode.swift; path = AppViewModel.swift; sourceTree = "<group>"; };
		17774EDF2A39EEB400A628DC /* DiscountCodeDeletionModels.swift */ = {isa = PBXFileReference; lastKnownFileType = sourcecode.swift; path = DiscountCodeDeletionModels.swift; sourceTree = "<group>"; };
		17A5F8CF2A3CA38600882772 /* CheckmarkView.swift */ = {isa = PBXFileReference; lastKnownFileType = sourcecode.swift; path = CheckmarkView.swift; sourceTree = "<group>"; };
		17A5F8D12A3CA3A500882772 /* SearchBar.swift */ = {isa = PBXFileReference; lastKnownFileType = sourcecode.swift; path = SearchBar.swift; sourceTree = "<group>"; };
		17A5F8D32A3CC4BE00882772 /* TextFieldWithPlusAnndMinusButtons.swift */ = {isa = PBXFileReference; lastKnownFileType = sourcecode.swift; path = TextFieldWithPlusAnndMinusButtons.swift; sourceTree = "<group>"; };
		17B4C58E2A4203860065A72B /* NetworkChecker.swift */ = {isa = PBXFileReference; lastKnownFileType = sourcecode.swift; path = NetworkChecker.swift; sourceTree = "<group>"; };
		17B4C5902A42276D0065A72B /* Info.plist */ = {isa = PBXFileReference; lastKnownFileType = text.plist; path = Info.plist; sourceTree = "<group>"; };
		17B4C5922A423AE50065A72B /* loading.json */ = {isa = PBXFileReference; fileEncoding = 4; lastKnownFileType = text.json; path = loading.json; sourceTree = "<group>"; };
		17B4C5942A423B870065A72B /* LottieCustomView.swift */ = {isa = PBXFileReference; lastKnownFileType = sourcecode.swift; path = LottieCustomView.swift; sourceTree = "<group>"; };
		17D3D94B2A2E630200565FD8 /* ProductFormView.swift */ = {isa = PBXFileReference; lastKnownFileType = sourcecode.swift; path = ProductFormView.swift; sourceTree = "<group>"; };
		17D3D94D2A2E7F1B00565FD8 /* ProductFormViewModel.swift */ = {isa = PBXFileReference; lastKnownFileType = sourcecode.swift; path = ProductFormViewModel.swift; sourceTree = "<group>"; };
		17D3D94F2A2E867A00565FD8 /* ProductCreationModels.swift */ = {isa = PBXFileReference; lastKnownFileType = sourcecode.swift; path = ProductCreationModels.swift; sourceTree = "<group>"; };
		17D5C0AD2A2BE0F200BAC8BC /* EasyBuyAdmin.app */ = {isa = PBXFileReference; explicitFileType = wrapper.application; includeInIndex = 0; path = EasyBuyAdmin.app; sourceTree = BUILT_PRODUCTS_DIR; };
		17D5C0B02A2BE0F200BAC8BC /* EasyBuyAdminApp.swift */ = {isa = PBXFileReference; lastKnownFileType = sourcecode.swift; path = EasyBuyAdminApp.swift; sourceTree = "<group>"; };
		17D5C0B22A2BE0F200BAC8BC /* ContentView.swift */ = {isa = PBXFileReference; lastKnownFileType = sourcecode.swift; path = ContentView.swift; sourceTree = "<group>"; };
		17D5C0B42A2BE0F400BAC8BC /* Assets.xcassets */ = {isa = PBXFileReference; lastKnownFileType = folder.assetcatalog; path = Assets.xcassets; sourceTree = "<group>"; };
		17D5C0B72A2BE0F400BAC8BC /* Preview Assets.xcassets */ = {isa = PBXFileReference; lastKnownFileType = folder.assetcatalog; path = "Preview Assets.xcassets"; sourceTree = "<group>"; };
		17D5C0BD2A2BE0F500BAC8BC /* EasyBuyAdminTests.xctest */ = {isa = PBXFileReference; explicitFileType = wrapper.cfbundle; includeInIndex = 0; path = EasyBuyAdminTests.xctest; sourceTree = BUILT_PRODUCTS_DIR; };
		17D5C0C72A2BE0F500BAC8BC /* EasyBuyAdminUITests.xctest */ = {isa = PBXFileReference; explicitFileType = wrapper.cfbundle; includeInIndex = 0; path = EasyBuyAdminUITests.xctest; sourceTree = BUILT_PRODUCTS_DIR; };
		17D5C0CB2A2BE0F500BAC8BC /* EasyBuyAdminUITests.swift */ = {isa = PBXFileReference; lastKnownFileType = sourcecode.swift; path = EasyBuyAdminUITests.swift; sourceTree = "<group>"; };
		17D5C0CD2A2BE0F500BAC8BC /* EasyBuyAdminUITestsLaunchTests.swift */ = {isa = PBXFileReference; lastKnownFileType = sourcecode.swift; path = EasyBuyAdminUITestsLaunchTests.swift; sourceTree = "<group>"; };
		17E5DE552A38721F00C59B4A /* DiscountCodesGetAllModels.swift */ = {isa = PBXFileReference; lastKnownFileType = sourcecode.swift; path = DiscountCodesGetAllModels.swift; sourceTree = "<group>"; };
		17E5DE572A3872E600C59B4A /* DiscountCodeCell.swift */ = {isa = PBXFileReference; lastKnownFileType = sourcecode.swift; path = DiscountCodeCell.swift; sourceTree = "<group>"; };
		17E5DE592A3872F200C59B4A /* DiscountCodeCellViewModel.swift */ = {isa = PBXFileReference; lastKnownFileType = sourcecode.swift; path = DiscountCodeCellViewModel.swift; sourceTree = "<group>"; };
		17E5DE5B2A3899D000C59B4A /* DiscountCodeFormView.swift */ = {isa = PBXFileReference; lastKnownFileType = sourcecode.swift; path = DiscountCodeFormView.swift; sourceTree = "<group>"; };
		17E5DE5D2A3899E400C59B4A /* DiscountCodeFormViewModel.swift */ = {isa = PBXFileReference; lastKnownFileType = sourcecode.swift; path = DiscountCodeFormViewModel.swift; sourceTree = "<group>"; };
		17E73D442A3B759700B5D765 /* CollectionDeletionModels.swift */ = {isa = PBXFileReference; lastKnownFileType = sourcecode.swift; path = CollectionDeletionModels.swift; sourceTree = "<group>"; };
		17E73D462A3B75A900B5D765 /* CollectionCreationModels.swift */ = {isa = PBXFileReference; lastKnownFileType = sourcecode.swift; path = CollectionCreationModels.swift; sourceTree = "<group>"; };
		17E73D482A3B75BE00B5D765 /* CollectionsGetAllModels.swift */ = {isa = PBXFileReference; lastKnownFileType = sourcecode.swift; path = CollectionsGetAllModels.swift; sourceTree = "<group>"; };
		17E73D4A2A3B75D000B5D765 /* CollectionUpdateModels.swift */ = {isa = PBXFileReference; lastKnownFileType = sourcecode.swift; path = CollectionUpdateModels.swift; sourceTree = "<group>"; };
		17E73D4C2A3BA78200B5D765 /* CollectionsCell.swift */ = {isa = PBXFileReference; lastKnownFileType = sourcecode.swift; path = CollectionsCell.swift; sourceTree = "<group>"; };
		17E73D4E2A3BB48800B5D765 /* CollectionFormView.swift */ = {isa = PBXFileReference; lastKnownFileType = sourcecode.swift; path = CollectionFormView.swift; sourceTree = "<group>"; };
		17E73D502A3BB49800B5D765 /* CollectionCellViewModel.swift */ = {isa = PBXFileReference; lastKnownFileType = sourcecode.swift; path = CollectionCellViewModel.swift; sourceTree = "<group>"; };
		17E73D522A3BB4A400B5D765 /* CollectionFormViewModel.swift */ = {isa = PBXFileReference; lastKnownFileType = sourcecode.swift; path = CollectionFormViewModel.swift; sourceTree = "<group>"; };
		17F983C82A311F96005BECC0 /* ProductCellViewModel.swift */ = {isa = PBXFileReference; lastKnownFileType = sourcecode.swift; path = ProductCellViewModel.swift; sourceTree = "<group>"; };
		17F983CA2A3120D4005BECC0 /* ProductDeletionModels.swift */ = {isa = PBXFileReference; lastKnownFileType = sourcecode.swift; path = ProductDeletionModels.swift; sourceTree = "<group>"; };
		4FB1DF3D032FCCC75D341691 /* Pods_EasyBuyAdmin_EasyBuyAdminUITests.framework */ = {isa = PBXFileReference; explicitFileType = wrapper.framework; includeInIndex = 0; path = Pods_EasyBuyAdmin_EasyBuyAdminUITests.framework; sourceTree = BUILT_PRODUCTS_DIR; };
		5D49AAD45F5423A46EC810B4 /* Pods_EasyBuyAdminTests.framework */ = {isa = PBXFileReference; explicitFileType = wrapper.framework; includeInIndex = 0; path = Pods_EasyBuyAdminTests.framework; sourceTree = BUILT_PRODUCTS_DIR; };
		60D9FA02FB9A96B091FE02EB /* Pods-EasyBuyAdminTests.release.xcconfig */ = {isa = PBXFileReference; includeInIndex = 1; lastKnownFileType = text.xcconfig; name = "Pods-EasyBuyAdminTests.release.xcconfig"; path = "Target Support Files/Pods-EasyBuyAdminTests/Pods-EasyBuyAdminTests.release.xcconfig"; sourceTree = "<group>"; };
		7C06626AF143AB2561DFE628 /* Pods_EasyBuyAdmin.framework */ = {isa = PBXFileReference; explicitFileType = wrapper.framework; includeInIndex = 0; path = Pods_EasyBuyAdmin.framework; sourceTree = BUILT_PRODUCTS_DIR; };
		8599D02B7830B11AB6B4B1C6 /* Pods-EasyBuyAdmin-EasyBuyAdminUITests.release.xcconfig */ = {isa = PBXFileReference; includeInIndex = 1; lastKnownFileType = text.xcconfig; name = "Pods-EasyBuyAdmin-EasyBuyAdminUITests.release.xcconfig"; path = "Target Support Files/Pods-EasyBuyAdmin-EasyBuyAdminUITests/Pods-EasyBuyAdmin-EasyBuyAdminUITests.release.xcconfig"; sourceTree = "<group>"; };
		9F5DB0E1885EFED0B7F41EE8 /* Pods-EasyBuyAdmin.release.xcconfig */ = {isa = PBXFileReference; includeInIndex = 1; lastKnownFileType = text.xcconfig; name = "Pods-EasyBuyAdmin.release.xcconfig"; path = "Target Support Files/Pods-EasyBuyAdmin/Pods-EasyBuyAdmin.release.xcconfig"; sourceTree = "<group>"; };
		B169F3C0D7F0ED82EEA79F25 /* Pods-EasyBuyAdminTests.debug.xcconfig */ = {isa = PBXFileReference; includeInIndex = 1; lastKnownFileType = text.xcconfig; name = "Pods-EasyBuyAdminTests.debug.xcconfig"; path = "Target Support Files/Pods-EasyBuyAdminTests/Pods-EasyBuyAdminTests.debug.xcconfig"; sourceTree = "<group>"; };
		C5E0F5F145F32174436D2FC1 /* Pods-EasyBuyAdmin.debug.xcconfig */ = {isa = PBXFileReference; includeInIndex = 1; lastKnownFileType = text.xcconfig; name = "Pods-EasyBuyAdmin.debug.xcconfig"; path = "Target Support Files/Pods-EasyBuyAdmin/Pods-EasyBuyAdmin.debug.xcconfig"; sourceTree = "<group>"; };
		D644F5D830AC761F7486432A /* Pods-EasyBuyAdmin-EasyBuyAdminUITests.debug.xcconfig */ = {isa = PBXFileReference; includeInIndex = 1; lastKnownFileType = text.xcconfig; name = "Pods-EasyBuyAdmin-EasyBuyAdminUITests.debug.xcconfig"; path = "Target Support Files/Pods-EasyBuyAdmin-EasyBuyAdminUITests/Pods-EasyBuyAdmin-EasyBuyAdminUITests.debug.xcconfig"; sourceTree = "<group>"; };
/* End PBXFileReference section */

/* Begin PBXFrameworksBuildPhase section */
		17D5C0AA2A2BE0F200BAC8BC /* Frameworks */ = {
			isa = PBXFrameworksBuildPhase;
			buildActionMask = 2147483647;
			files = (
				17D5C0F02A2BE6E500BAC8BC /* Alamofire in Frameworks */,
				17D5C0EA2A2BE6C400BAC8BC /* Kingfisher in Frameworks */,
				17D5C0ED2A2BE6D400BAC8BC /* Lottie in Frameworks */,
				E1366E3A16CB04374069421E /* Pods_EasyBuyAdmin.framework in Frameworks */,
			);
			runOnlyForDeploymentPostprocessing = 0;
		};
		17D5C0BA2A2BE0F500BAC8BC /* Frameworks */ = {
			isa = PBXFrameworksBuildPhase;
			buildActionMask = 2147483647;
			files = (
				31C23585F28F5F3AA1E089D1 /* Pods_EasyBuyAdminTests.framework in Frameworks */,
			);
			runOnlyForDeploymentPostprocessing = 0;
		};
		17D5C0C42A2BE0F500BAC8BC /* Frameworks */ = {
			isa = PBXFrameworksBuildPhase;
			buildActionMask = 2147483647;
			files = (
				3C71CD040B9A0994A122C726 /* Pods_EasyBuyAdmin_EasyBuyAdminUITests.framework in Frameworks */,
			);
			runOnlyForDeploymentPostprocessing = 0;
		};
/* End PBXFrameworksBuildPhase section */

/* Begin PBXGroup section */
		035812B785D9A3B3C651492E /* Frameworks */ = {
			isa = PBXGroup;
			children = (
				7C06626AF143AB2561DFE628 /* Pods_EasyBuyAdmin.framework */,
				4FB1DF3D032FCCC75D341691 /* Pods_EasyBuyAdmin_EasyBuyAdminUITests.framework */,
				5D49AAD45F5423A46EC810B4 /* Pods_EasyBuyAdminTests.framework */,
			);
			name = Frameworks;
			sourceTree = "<group>";
		};
		1704AF872A2C8ED000481A64 /* Presentation */ = {
			isa = PBXGroup;
			children = (
				177044222A438074000AC7EA /* Login */,
				1704AF882A2C8EDB00481A64 /* Products */,
				1704AF8A2A2C8EFD00481A64 /* Collections */,
				1704AF892A2C8EF400481A64 /* Discount Codes */,
				176299D42A3DC5450013492B /* Components */,
			);
			path = Presentation;
			sourceTree = "<group>";
		};
		1704AF882A2C8EDB00481A64 /* Products */ = {
			isa = PBXGroup;
			children = (
				17E5DE532A3871C300C59B4A /* Models */,
				1704AF902A2C8F6B00481A64 /* Views */,
				1704AF8D2A2C8F5E00481A64 /* ViewModels */,
			);
			path = Products;
			sourceTree = "<group>";
		};
		1704AF892A2C8EF400481A64 /* Discount Codes */ = {
			isa = PBXGroup;
			children = (
				17E5DE542A3871E400C59B4A /* Models */,
				1704AF8E2A2C8F6100481A64 /* Views */,
				1704AF8B2A2C8F5500481A64 /* ViewModels */,
			);
			path = "Discount Codes";
			sourceTree = "<group>";
		};
		1704AF8A2A2C8EFD00481A64 /* Collections */ = {
			isa = PBXGroup;
			children = (
				17E73D432A3B757500B5D765 /* Models */,
				1704AF8F2A2C8F6700481A64 /* Views */,
				1704AF8C2A2C8F5B00481A64 /* ViewModels */,
			);
			path = Collections;
			sourceTree = "<group>";
		};
		1704AF8B2A2C8F5500481A64 /* ViewModels */ = {
			isa = PBXGroup;
			children = (
				1704AF992A2C906000481A64 /* DiscountCodesViewModel.swift */,
				17E5DE592A3872F200C59B4A /* DiscountCodeCellViewModel.swift */,
				17E5DE5D2A3899E400C59B4A /* DiscountCodeFormViewModel.swift */,
			);
			path = ViewModels;
			sourceTree = "<group>";
		};
		1704AF8C2A2C8F5B00481A64 /* ViewModels */ = {
			isa = PBXGroup;
			children = (
				1704AF972A2C904E00481A64 /* CollectionsViewModel.swift */,
				17E73D502A3BB49800B5D765 /* CollectionCellViewModel.swift */,
				17E73D522A3BB4A400B5D765 /* CollectionFormViewModel.swift */,
			);
			path = ViewModels;
			sourceTree = "<group>";
		};
		1704AF8D2A2C8F5E00481A64 /* ViewModels */ = {
			isa = PBXGroup;
			children = (
				1704AF932A2C903800481A64 /* ProductsViewModel.swift */,
				17F983C82A311F96005BECC0 /* ProductCellViewModel.swift */,
				17D3D94D2A2E7F1B00565FD8 /* ProductFormViewModel.swift */,
			);
			path = ViewModels;
			sourceTree = "<group>";
		};
		1704AF8E2A2C8F6100481A64 /* Views */ = {
			isa = PBXGroup;
			children = (
				1704AF9B2A2C907D00481A64 /* DiscountCodesView.swift */,
				17E5DE572A3872E600C59B4A /* DiscountCodeCell.swift */,
				17E5DE5B2A3899D000C59B4A /* DiscountCodeFormView.swift */,
				17A5F8CF2A3CA38600882772 /* CheckmarkView.swift */,
			);
			path = Views;
			sourceTree = "<group>";
		};
		1704AF8F2A2C8F6700481A64 /* Views */ = {
			isa = PBXGroup;
			children = (
				1704AF952A2C904400481A64 /* CollectionsView.swift */,
				17E73D4C2A3BA78200B5D765 /* CollectionsCell.swift */,
				17E73D4E2A3BB48800B5D765 /* CollectionFormView.swift */,
			);
			path = Views;
			sourceTree = "<group>";
		};
		1704AF902A2C8F6B00481A64 /* Views */ = {
			isa = PBXGroup;
			children = (
				1704AF912A2C902B00481A64 /* ProductsView.swift */,
				174BB9AD2A2D23DB00C61AC8 /* ProductCell.swift */,
				17D3D94B2A2E630200565FD8 /* ProductFormView.swift */,
			);
			path = Views;
			sourceTree = "<group>";
		};
		174BB99B2A2CE23700C61AC8 /* GraphQL */ = {
			isa = PBXGroup;
			children = (
				1704AF9F2A2CA43A00481A64 /* ProductsQueries.graphql */,
				1704AFA12A2CA9A500481A64 /* ProductsMutations.graphql */,
				1704AFA32A2CAFCE00481A64 /* DiscountCodesQueries.graphql */,
				1704AFA52A2CBB3700481A64 /* DiscountCodesMutations.graphql */,
				1704AFA72A2CBDFA00481A64 /* CollectionsQueries.graphql */,
				1704AFA92A2CC01200481A64 /* CollectionsMutations.graphql */,
				1704AFAB2A2CC10200481A64 /* admin_schema.json */,
				174BB9992A2CE22A00C61AC8 /* GraphQLAPI.swift */,
			);
			path = GraphQL;
			sourceTree = "<group>";
		};
		174BB99C2A2CE88200C61AC8 /* Data */ = {
			isa = PBXGroup;
			children = (
				174BB99D2A2CE89200C61AC8 /* Remote */,
				174BB99B2A2CE23700C61AC8 /* GraphQL */,
			);
			path = Data;
			sourceTree = "<group>";
		};
		174BB99D2A2CE89200C61AC8 /* Remote */ = {
			isa = PBXGroup;
			children = (
				174BB99E2A2CE8A000C61AC8 /* NetworkManager.swift */,
				174BB9A92A2D1ED500C61AC8 /* TokenInterceptor.swift */,
				174BB9AB2A2D1EF100C61AC8 /* NetworkInterceptorProvider.swift */,
				174BB9A32A2D1E2500C61AC8 /* Protocols */,
			);
			path = Remote;
			sourceTree = "<group>";
		};
		174BB9A32A2D1E2500C61AC8 /* Protocols */ = {
			isa = PBXGroup;
			children = (
				174BB9A42A2D1E3600C61AC8 /* NetworkManaging.swift */,
			);
			path = Protocols;
			sourceTree = "<group>";
		};
		174BB9A62A2D1E9800C61AC8 /* Utils */ = {
			isa = PBXGroup;
			children = (
				174BB9A72A2D1EA700C61AC8 /* Constants.swift */,
				1720FBD42A38C5FA0002C777 /* AlertTypes.swift */,
				1720FBD62A38C60A0002C777 /* DiscountCodeCategories.swift */,
				17B4C58E2A4203860065A72B /* NetworkChecker.swift */,
			);
			path = Utils;
			sourceTree = "<group>";
		};
		176299D32A3DC5200013492B /* Extensions */ = {
			isa = PBXGroup;
			children = (
				174BB9AF2A2D299E00C61AC8 /* Extensions.swift */,
			);
			path = Extensions;
			sourceTree = "<group>";
		};
		176299D42A3DC5450013492B /* Components */ = {
			isa = PBXGroup;
			children = (
				17A5F8D12A3CA3A500882772 /* SearchBar.swift */,
				17A5F8D32A3CC4BE00882772 /* TextFieldWithPlusAnndMinusButtons.swift */,
				17B4C5942A423B870065A72B /* LottieCustomView.swift */,
			);
			path = Components;
			sourceTree = "<group>";
		};
		176299D52A3DCAAB0013492B /* Tests */ = {
			isa = PBXGroup;
			children = (
				176299D72A3DCB4E0013492B /* NetworkManagerTest.swift */,
				176299DD2A3DDF9E0013492B /* MockNetworkManagerTest.swift */,
			);
			path = Tests;
			sourceTree = "<group>";
		};
		176299D62A3DCAB70013492B /* Mock NetworkManager methods and responses */ = {
			isa = PBXGroup;
			children = (
				176299D92A3DDC960013492B /* MockNetworkManagerResponses.swift */,
				176299DB2A3DDD3B0013492B /* MockNetworkManagerMethods.swift */,
			);
			path = "Mock NetworkManager methods and responses";
			sourceTree = "<group>";
		};
		177044222A438074000AC7EA /* Login */ = {
			isa = PBXGroup;
			children = (
				177044232A43807B000AC7EA /* Views */,
				177044242A438085000AC7EA /* ViewModels */,
			);
			path = Login;
			sourceTree = "<group>";
		};
		177044232A43807B000AC7EA /* Views */ = {
			isa = PBXGroup;
			children = (
				177044272A4380D0000AC7EA /* LoginView.swift */,
				177044292A43811D000AC7EA /* InputView.swift */,
			);
			path = Views;
			sourceTree = "<group>";
		};
		177044242A438085000AC7EA /* ViewModels */ = {
			isa = PBXGroup;
			children = (
				177044252A4380C9000AC7EA /* LoginViewModel.swift */,
			);
			path = ViewModels;
			sourceTree = "<group>";
		};
		17B4C5912A423AD10065A72B /* Lottie Files */ = {
			isa = PBXGroup;
			children = (
				17B4C5922A423AE50065A72B /* loading.json */,
			);
			path = "Lottie Files";
			sourceTree = "<group>";
		};
		17D5C0A42A2BE0F200BAC8BC = {
			isa = PBXGroup;
			children = (
				17D5C0AF2A2BE0F200BAC8BC /* EasyBuyAdmin */,
				17D5C0C02A2BE0F500BAC8BC /* EasyBuyAdminTests */,
				17D5C0CA2A2BE0F500BAC8BC /* EasyBuyAdminUITests */,
				17D5C0AE2A2BE0F200BAC8BC /* Products */,
				88B292E7970AF34EE396EC22 /* Pods */,
				035812B785D9A3B3C651492E /* Frameworks */,
			);
			sourceTree = "<group>";
		};
		17D5C0AE2A2BE0F200BAC8BC /* Products */ = {
			isa = PBXGroup;
			children = (
				17D5C0AD2A2BE0F200BAC8BC /* EasyBuyAdmin.app */,
				17D5C0BD2A2BE0F500BAC8BC /* EasyBuyAdminTests.xctest */,
				17D5C0C72A2BE0F500BAC8BC /* EasyBuyAdminUITests.xctest */,
			);
			name = Products;
			sourceTree = "<group>";
		};
		17D5C0AF2A2BE0F200BAC8BC /* EasyBuyAdmin */ = {
			isa = PBXGroup;
			children = (
				17B4C5902A42276D0065A72B /* Info.plist */,
				17D5C0B02A2BE0F200BAC8BC /* EasyBuyAdminApp.swift */,
				17D5C0B22A2BE0F200BAC8BC /* ContentView.swift */,
				1770442B2A438245000AC7EA /* AppViewModel.swift */,
				17D5C0E62A2BE6A300BAC8BC /* App */,
				174BB99C2A2CE88200C61AC8 /* Data */,
				1704AF872A2C8ED000481A64 /* Presentation */,
			);
			path = EasyBuyAdmin;
			sourceTree = "<group>";
		};
		17D5C0B62A2BE0F400BAC8BC /* Preview Content */ = {
			isa = PBXGroup;
			children = (
				17D5C0B72A2BE0F400BAC8BC /* Preview Assets.xcassets */,
			);
			path = "Preview Content";
			sourceTree = "<group>";
		};
		17D5C0C02A2BE0F500BAC8BC /* EasyBuyAdminTests */ = {
			isa = PBXGroup;
			children = (
				176299D52A3DCAAB0013492B /* Tests */,
				176299D62A3DCAB70013492B /* Mock NetworkManager methods and responses */,
			);
			path = EasyBuyAdminTests;
			sourceTree = "<group>";
		};
		17D5C0CA2A2BE0F500BAC8BC /* EasyBuyAdminUITests */ = {
			isa = PBXGroup;
			children = (
				17D5C0CB2A2BE0F500BAC8BC /* EasyBuyAdminUITests.swift */,
				17D5C0CD2A2BE0F500BAC8BC /* EasyBuyAdminUITestsLaunchTests.swift */,
			);
			path = EasyBuyAdminUITests;
			sourceTree = "<group>";
		};
		17D5C0E62A2BE6A300BAC8BC /* App */ = {
			isa = PBXGroup;
			children = (
				17D5C0E72A2BE6AD00BAC8BC /* Assets */,
				176299D32A3DC5200013492B /* Extensions */,
				174BB9A62A2D1E9800C61AC8 /* Utils */,
			);
			path = App;
			sourceTree = "<group>";
		};
		17D5C0E72A2BE6AD00BAC8BC /* Assets */ = {
			isa = PBXGroup;
			children = (
				17B4C5912A423AD10065A72B /* Lottie Files */,
				17D5C0B42A2BE0F400BAC8BC /* Assets.xcassets */,
				17D5C0B62A2BE0F400BAC8BC /* Preview Content */,
			);
			path = Assets;
			sourceTree = "<group>";
		};
		17E5DE532A3871C300C59B4A /* Models */ = {
			isa = PBXGroup;
			children = (
				174BB9A12A2D06FD00C61AC8 /* ProductsGetAllModels.swift */,
				17D3D94F2A2E867A00565FD8 /* ProductCreationModels.swift */,
				1768C8232A37A19A0073B96D /* ProductUpdateModels.swift */,
				17F983CA2A3120D4005BECC0 /* ProductDeletionModels.swift */,
			);
			path = Models;
			sourceTree = "<group>";
		};
		17E5DE542A3871E400C59B4A /* Models */ = {
			isa = PBXGroup;
			children = (
				17E5DE552A38721F00C59B4A /* DiscountCodesGetAllModels.swift */,
				1720FBD82A38CC0D0002C777 /* DiscountCodeCreateModels.swift */,
				1720FBD22A38C4C40002C777 /* DiscountCodeUpdateModels.swift */,
				17774EDF2A39EEB400A628DC /* DiscountCodeDeletionModels.swift */,
			);
			path = Models;
			sourceTree = "<group>";
		};
		17E73D432A3B757500B5D765 /* Models */ = {
			isa = PBXGroup;
			children = (
				17E73D482A3B75BE00B5D765 /* CollectionsGetAllModels.swift */,
				17E73D462A3B75A900B5D765 /* CollectionCreationModels.swift */,
				17E73D4A2A3B75D000B5D765 /* CollectionUpdateModels.swift */,
				17E73D442A3B759700B5D765 /* CollectionDeletionModels.swift */,
			);
			path = Models;
			sourceTree = "<group>";
		};
		88B292E7970AF34EE396EC22 /* Pods */ = {
			isa = PBXGroup;
			children = (
				C5E0F5F145F32174436D2FC1 /* Pods-EasyBuyAdmin.debug.xcconfig */,
				9F5DB0E1885EFED0B7F41EE8 /* Pods-EasyBuyAdmin.release.xcconfig */,
				D644F5D830AC761F7486432A /* Pods-EasyBuyAdmin-EasyBuyAdminUITests.debug.xcconfig */,
				8599D02B7830B11AB6B4B1C6 /* Pods-EasyBuyAdmin-EasyBuyAdminUITests.release.xcconfig */,
				B169F3C0D7F0ED82EEA79F25 /* Pods-EasyBuyAdminTests.debug.xcconfig */,
				60D9FA02FB9A96B091FE02EB /* Pods-EasyBuyAdminTests.release.xcconfig */,
			);
			path = Pods;
			sourceTree = "<group>";
		};
/* End PBXGroup section */

/* Begin PBXNativeTarget section */
		17D5C0AC2A2BE0F200BAC8BC /* EasyBuyAdmin */ = {
			isa = PBXNativeTarget;
			buildConfigurationList = 17D5C0D12A2BE0F500BAC8BC /* Build configuration list for PBXNativeTarget "EasyBuyAdmin" */;
			buildPhases = (
				AA40498A619F7C2D03E05DF8 /* [CP] Check Pods Manifest.lock */,
				17D5C0A92A2BE0F200BAC8BC /* Sources */,
				17D5C0AA2A2BE0F200BAC8BC /* Frameworks */,
				17D5C0AB2A2BE0F200BAC8BC /* Resources */,
				175E26D42A2CDCDB00A545FE /* ShellScript */,
				20DBA974BE64F3C169AE45F7 /* [CP] Embed Pods Frameworks */,
			);
			buildRules = (
			);
			dependencies = (
			);
			name = EasyBuyAdmin;
			packageProductDependencies = (
				17D5C0E92A2BE6C400BAC8BC /* Kingfisher */,
				17D5C0EC2A2BE6D400BAC8BC /* Lottie */,
				17D5C0EF2A2BE6E500BAC8BC /* Alamofire */,
			);
			productName = EasyBuyAdmin;
			productReference = 17D5C0AD2A2BE0F200BAC8BC /* EasyBuyAdmin.app */;
			productType = "com.apple.product-type.application";
		};
		17D5C0BC2A2BE0F500BAC8BC /* EasyBuyAdminTests */ = {
			isa = PBXNativeTarget;
			buildConfigurationList = 17D5C0D42A2BE0F500BAC8BC /* Build configuration list for PBXNativeTarget "EasyBuyAdminTests" */;
			buildPhases = (
				E4DFFA04F9788976231C3CBC /* [CP] Check Pods Manifest.lock */,
				17D5C0B92A2BE0F500BAC8BC /* Sources */,
				17D5C0BA2A2BE0F500BAC8BC /* Frameworks */,
				17D5C0BB2A2BE0F500BAC8BC /* Resources */,
			);
			buildRules = (
			);
			dependencies = (
				17D5C0BF2A2BE0F500BAC8BC /* PBXTargetDependency */,
			);
			name = EasyBuyAdminTests;
			productName = EasyBuyAdminTests;
			productReference = 17D5C0BD2A2BE0F500BAC8BC /* EasyBuyAdminTests.xctest */;
			productType = "com.apple.product-type.bundle.unit-test";
		};
		17D5C0C62A2BE0F500BAC8BC /* EasyBuyAdminUITests */ = {
			isa = PBXNativeTarget;
			buildConfigurationList = 17D5C0D72A2BE0F500BAC8BC /* Build configuration list for PBXNativeTarget "EasyBuyAdminUITests" */;
			buildPhases = (
				96097FAAFFD2145BE17F1848 /* [CP] Check Pods Manifest.lock */,
				17D5C0C32A2BE0F500BAC8BC /* Sources */,
				17D5C0C42A2BE0F500BAC8BC /* Frameworks */,
				17D5C0C52A2BE0F500BAC8BC /* Resources */,
				64CADF9C48495E41647494A9 /* [CP] Embed Pods Frameworks */,
			);
			buildRules = (
			);
			dependencies = (
				17D5C0C92A2BE0F500BAC8BC /* PBXTargetDependency */,
			);
			name = EasyBuyAdminUITests;
			productName = EasyBuyAdminUITests;
			productReference = 17D5C0C72A2BE0F500BAC8BC /* EasyBuyAdminUITests.xctest */;
			productType = "com.apple.product-type.bundle.ui-testing";
		};
/* End PBXNativeTarget section */

/* Begin PBXProject section */
		17D5C0A52A2BE0F200BAC8BC /* Project object */ = {
			isa = PBXProject;
			attributes = {
				BuildIndependentTargetsInParallel = 1;
				LastSwiftUpdateCheck = 1420;
				LastUpgradeCheck = 1420;
				TargetAttributes = {
					17D5C0AC2A2BE0F200BAC8BC = {
						CreatedOnToolsVersion = 14.2;
					};
					17D5C0BC2A2BE0F500BAC8BC = {
						CreatedOnToolsVersion = 14.2;
						TestTargetID = 17D5C0AC2A2BE0F200BAC8BC;
					};
					17D5C0C62A2BE0F500BAC8BC = {
						CreatedOnToolsVersion = 14.2;
						TestTargetID = 17D5C0AC2A2BE0F200BAC8BC;
					};
				};
			};
			buildConfigurationList = 17D5C0A82A2BE0F200BAC8BC /* Build configuration list for PBXProject "EasyBuyAdmin" */;
			compatibilityVersion = "Xcode 14.0";
			developmentRegion = en;
			hasScannedForEncodings = 0;
			knownRegions = (
				en,
				Base,
			);
			mainGroup = 17D5C0A42A2BE0F200BAC8BC;
			packageReferences = (
				17D5C0E82A2BE6C400BAC8BC /* XCRemoteSwiftPackageReference "Kingfisher" */,
				17D5C0EB2A2BE6D400BAC8BC /* XCRemoteSwiftPackageReference "lottie-ios" */,
				17D5C0EE2A2BE6E500BAC8BC /* XCRemoteSwiftPackageReference "Alamofire" */,
			);
			productRefGroup = 17D5C0AE2A2BE0F200BAC8BC /* Products */;
			projectDirPath = "";
			projectRoot = "";
			targets = (
				17D5C0AC2A2BE0F200BAC8BC /* EasyBuyAdmin */,
				17D5C0BC2A2BE0F500BAC8BC /* EasyBuyAdminTests */,
				17D5C0C62A2BE0F500BAC8BC /* EasyBuyAdminUITests */,
			);
		};
/* End PBXProject section */

/* Begin PBXResourcesBuildPhase section */
		17D5C0AB2A2BE0F200BAC8BC /* Resources */ = {
			isa = PBXResourcesBuildPhase;
			buildActionMask = 2147483647;
			files = (
				17D5C0B82A2BE0F400BAC8BC /* Preview Assets.xcassets in Resources */,
				1704AFAC2A2CC10200481A64 /* admin_schema.json in Resources */,
				17B4C5932A423AE50065A72B /* loading.json in Resources */,
				17D5C0B52A2BE0F400BAC8BC /* Assets.xcassets in Resources */,
			);
			runOnlyForDeploymentPostprocessing = 0;
		};
		17D5C0BB2A2BE0F500BAC8BC /* Resources */ = {
			isa = PBXResourcesBuildPhase;
			buildActionMask = 2147483647;
			files = (
			);
			runOnlyForDeploymentPostprocessing = 0;
		};
		17D5C0C52A2BE0F500BAC8BC /* Resources */ = {
			isa = PBXResourcesBuildPhase;
			buildActionMask = 2147483647;
			files = (
			);
			runOnlyForDeploymentPostprocessing = 0;
		};
/* End PBXResourcesBuildPhase section */

/* Begin PBXShellScriptBuildPhase section */
		175E26D42A2CDCDB00A545FE /* ShellScript */ = {
			isa = PBXShellScriptBuildPhase;
			buildActionMask = 8;
			files = (
			);
			inputFileListPaths = (
			);
			inputPaths = (
			);
			outputFileListPaths = (
			);
			outputPaths = (
			);
			runOnlyForDeploymentPostprocessing = 1;
			shellPath = /bin/sh;
			shellScript = "SCRIPT_PATH=\"${PODS_ROOT}/Apollo/scripts\"\n\ncd \"${SRCROOT}/${TARGET_NAME}\"\n\n\"${SCRIPT_PATH}\"/run-bundled-codegen.sh codegen:generate --target=swift --includes=./Data/GraphQL/*.graphql --localSchemaFile=\"Data/GraphQL/admin_schema.json\" Data/GraphQL/GraphQLAPI.swift\n";
		};
		20DBA974BE64F3C169AE45F7 /* [CP] Embed Pods Frameworks */ = {
			isa = PBXShellScriptBuildPhase;
			buildActionMask = 2147483647;
			files = (
			);
			inputFileListPaths = (
				"${PODS_ROOT}/Target Support Files/Pods-EasyBuyAdmin/Pods-EasyBuyAdmin-frameworks-${CONFIGURATION}-input-files.xcfilelist",
			);
			name = "[CP] Embed Pods Frameworks";
			outputFileListPaths = (
				"${PODS_ROOT}/Target Support Files/Pods-EasyBuyAdmin/Pods-EasyBuyAdmin-frameworks-${CONFIGURATION}-output-files.xcfilelist",
			);
			runOnlyForDeploymentPostprocessing = 0;
			shellPath = /bin/sh;
			shellScript = "\"${PODS_ROOT}/Target Support Files/Pods-EasyBuyAdmin/Pods-EasyBuyAdmin-frameworks.sh\"\n";
			showEnvVarsInLog = 0;
		};
		64CADF9C48495E41647494A9 /* [CP] Embed Pods Frameworks */ = {
			isa = PBXShellScriptBuildPhase;
			buildActionMask = 2147483647;
			files = (
			);
			inputFileListPaths = (
				"${PODS_ROOT}/Target Support Files/Pods-EasyBuyAdmin-EasyBuyAdminUITests/Pods-EasyBuyAdmin-EasyBuyAdminUITests-frameworks-${CONFIGURATION}-input-files.xcfilelist",
			);
			name = "[CP] Embed Pods Frameworks";
			outputFileListPaths = (
				"${PODS_ROOT}/Target Support Files/Pods-EasyBuyAdmin-EasyBuyAdminUITests/Pods-EasyBuyAdmin-EasyBuyAdminUITests-frameworks-${CONFIGURATION}-output-files.xcfilelist",
			);
			runOnlyForDeploymentPostprocessing = 0;
			shellPath = /bin/sh;
			shellScript = "\"${PODS_ROOT}/Target Support Files/Pods-EasyBuyAdmin-EasyBuyAdminUITests/Pods-EasyBuyAdmin-EasyBuyAdminUITests-frameworks.sh\"\n";
			showEnvVarsInLog = 0;
		};
		96097FAAFFD2145BE17F1848 /* [CP] Check Pods Manifest.lock */ = {
			isa = PBXShellScriptBuildPhase;
			buildActionMask = 2147483647;
			files = (
			);
			inputFileListPaths = (
			);
			inputPaths = (
				"${PODS_PODFILE_DIR_PATH}/Podfile.lock",
				"${PODS_ROOT}/Manifest.lock",
			);
			name = "[CP] Check Pods Manifest.lock";
			outputFileListPaths = (
			);
			outputPaths = (
				"$(DERIVED_FILE_DIR)/Pods-EasyBuyAdmin-EasyBuyAdminUITests-checkManifestLockResult.txt",
			);
			runOnlyForDeploymentPostprocessing = 0;
			shellPath = /bin/sh;
			shellScript = "diff \"${PODS_PODFILE_DIR_PATH}/Podfile.lock\" \"${PODS_ROOT}/Manifest.lock\" > /dev/null\nif [ $? != 0 ] ; then\n    # print error to STDERR\n    echo \"error: The sandbox is not in sync with the Podfile.lock. Run 'pod install' or update your CocoaPods installation.\" >&2\n    exit 1\nfi\n# This output is used by Xcode 'outputs' to avoid re-running this script phase.\necho \"SUCCESS\" > \"${SCRIPT_OUTPUT_FILE_0}\"\n";
			showEnvVarsInLog = 0;
		};
		AA40498A619F7C2D03E05DF8 /* [CP] Check Pods Manifest.lock */ = {
			isa = PBXShellScriptBuildPhase;
			buildActionMask = 2147483647;
			files = (
			);
			inputFileListPaths = (
			);
			inputPaths = (
				"${PODS_PODFILE_DIR_PATH}/Podfile.lock",
				"${PODS_ROOT}/Manifest.lock",
			);
			name = "[CP] Check Pods Manifest.lock";
			outputFileListPaths = (
			);
			outputPaths = (
				"$(DERIVED_FILE_DIR)/Pods-EasyBuyAdmin-checkManifestLockResult.txt",
			);
			runOnlyForDeploymentPostprocessing = 0;
			shellPath = /bin/sh;
			shellScript = "diff \"${PODS_PODFILE_DIR_PATH}/Podfile.lock\" \"${PODS_ROOT}/Manifest.lock\" > /dev/null\nif [ $? != 0 ] ; then\n    # print error to STDERR\n    echo \"error: The sandbox is not in sync with the Podfile.lock. Run 'pod install' or update your CocoaPods installation.\" >&2\n    exit 1\nfi\n# This output is used by Xcode 'outputs' to avoid re-running this script phase.\necho \"SUCCESS\" > \"${SCRIPT_OUTPUT_FILE_0}\"\n";
			showEnvVarsInLog = 0;
		};
		E4DFFA04F9788976231C3CBC /* [CP] Check Pods Manifest.lock */ = {
			isa = PBXShellScriptBuildPhase;
			buildActionMask = 2147483647;
			files = (
			);
			inputFileListPaths = (
			);
			inputPaths = (
				"${PODS_PODFILE_DIR_PATH}/Podfile.lock",
				"${PODS_ROOT}/Manifest.lock",
			);
			name = "[CP] Check Pods Manifest.lock";
			outputFileListPaths = (
			);
			outputPaths = (
				"$(DERIVED_FILE_DIR)/Pods-EasyBuyAdminTests-checkManifestLockResult.txt",
			);
			runOnlyForDeploymentPostprocessing = 0;
			shellPath = /bin/sh;
			shellScript = "diff \"${PODS_PODFILE_DIR_PATH}/Podfile.lock\" \"${PODS_ROOT}/Manifest.lock\" > /dev/null\nif [ $? != 0 ] ; then\n    # print error to STDERR\n    echo \"error: The sandbox is not in sync with the Podfile.lock. Run 'pod install' or update your CocoaPods installation.\" >&2\n    exit 1\nfi\n# This output is used by Xcode 'outputs' to avoid re-running this script phase.\necho \"SUCCESS\" > \"${SCRIPT_OUTPUT_FILE_0}\"\n";
			showEnvVarsInLog = 0;
		};
/* End PBXShellScriptBuildPhase section */

/* Begin PBXSourcesBuildPhase section */
		17D5C0A92A2BE0F200BAC8BC /* Sources */ = {
			isa = PBXSourcesBuildPhase;
			buildActionMask = 2147483647;
			files = (
				174BB9B02A2D299E00C61AC8 /* Extensions.swift in Sources */,
				17D5C0B32A2BE0F200BAC8BC /* ContentView.swift in Sources */,
				1770442C2A438245000AC7EA /* AppViewModel.swift in Sources */,
				174BB9AE2A2D23DB00C61AC8 /* ProductCell.swift in Sources */,
				174BB9A82A2D1EA700C61AC8 /* Constants.swift in Sources */,
				17E73D492A3B75BE00B5D765 /* CollectionsGetAllModels.swift in Sources */,
				17B4C58F2A4203870065A72B /* NetworkChecker.swift in Sources */,
				174BB99A2A2CE22A00C61AC8 /* GraphQLAPI.swift in Sources */,
				177044262A4380C9000AC7EA /* LoginViewModel.swift in Sources */,
				17E73D4D2A3BA78200B5D765 /* CollectionsCell.swift in Sources */,
				1704AF982A2C904E00481A64 /* CollectionsViewModel.swift in Sources */,
				174BB9A22A2D06FD00C61AC8 /* ProductsGetAllModels.swift in Sources */,
				17E73D4B2A3B75D000B5D765 /* CollectionUpdateModels.swift in Sources */,
				1704AFA62A2CBB3700481A64 /* DiscountCodesMutations.graphql in Sources */,
				174BB99F2A2CE8A000C61AC8 /* NetworkManager.swift in Sources */,
				1704AFA42A2CAFCF00481A64 /* DiscountCodesQueries.graphql in Sources */,
				17E5DE5A2A3872F200C59B4A /* DiscountCodeCellViewModel.swift in Sources */,
				17E73D512A3BB49800B5D765 /* CollectionCellViewModel.swift in Sources */,
				17B4C5952A423B870065A72B /* LottieCustomView.swift in Sources */,
				17F983C92A311F96005BECC0 /* ProductCellViewModel.swift in Sources */,
				1704AF9A2A2C906000481A64 /* DiscountCodesViewModel.swift in Sources */,
				17E73D532A3BB4A400B5D765 /* CollectionFormViewModel.swift in Sources */,
				17E73D4F2A3BB48800B5D765 /* CollectionFormView.swift in Sources */,
				174BB9AC2A2D1EF200C61AC8 /* NetworkInterceptorProvider.swift in Sources */,
				1720FBD72A38C60A0002C777 /* DiscountCodeCategories.swift in Sources */,
				17D3D94C2A2E630200565FD8 /* ProductFormView.swift in Sources */,
				17D3D94E2A2E7F1B00565FD8 /* ProductFormViewModel.swift in Sources */,
				1768C8242A37A19A0073B96D /* ProductUpdateModels.swift in Sources */,
				1704AF962A2C904400481A64 /* CollectionsView.swift in Sources */,
				17E5DE562A38721F00C59B4A /* DiscountCodesGetAllModels.swift in Sources */,
				1704AF9C2A2C907D00481A64 /* DiscountCodesView.swift in Sources */,
				1704AFAA2A2CC01200481A64 /* CollectionsMutations.graphql in Sources */,
				1704AFA02A2CA43A00481A64 /* ProductsQueries.graphql in Sources */,
				1704AFA22A2CA9A500481A64 /* ProductsMutations.graphql in Sources */,
				17D5C0B12A2BE0F200BAC8BC /* EasyBuyAdminApp.swift in Sources */,
				17E73D472A3B75A900B5D765 /* CollectionCreationModels.swift in Sources */,
				17E5DE5E2A3899E400C59B4A /* DiscountCodeFormViewModel.swift in Sources */,
				17A5F8D42A3CC4BF00882772 /* TextFieldWithPlusAnndMinusButtons.swift in Sources */,
				1704AFA82A2CBDFA00481A64 /* CollectionsQueries.graphql in Sources */,
				17A5F8D02A3CA38600882772 /* CheckmarkView.swift in Sources */,
				1720FBD92A38CC0D0002C777 /* DiscountCodeCreateModels.swift in Sources */,
				17774EE02A39EEB400A628DC /* DiscountCodeDeletionModels.swift in Sources */,
				17E73D452A3B759700B5D765 /* CollectionDeletionModels.swift in Sources */,
				1704AF942A2C903800481A64 /* ProductsViewModel.swift in Sources */,
				17F983CB2A3120D4005BECC0 /* ProductDeletionModels.swift in Sources */,
				17E5DE582A3872E600C59B4A /* DiscountCodeCell.swift in Sources */,
				17D3D9502A2E867A00565FD8 /* ProductCreationModels.swift in Sources */,
				17A5F8D22A3CA3A500882772 /* SearchBar.swift in Sources */,
				174BB9AA2A2D1ED500C61AC8 /* TokenInterceptor.swift in Sources */,
				177044282A4380D0000AC7EA /* LoginView.swift in Sources */,
				17E5DE5C2A3899D000C59B4A /* DiscountCodeFormView.swift in Sources */,
				1720FBD52A38C5FA0002C777 /* AlertTypes.swift in Sources */,
				174BB9A52A2D1E3600C61AC8 /* NetworkManaging.swift in Sources */,
				1770442A2A43811D000AC7EA /* InputView.swift in Sources */,
				1720FBD32A38C4C40002C777 /* DiscountCodeUpdateModels.swift in Sources */,
				1704AF922A2C902B00481A64 /* ProductsView.swift in Sources */,
			);
			runOnlyForDeploymentPostprocessing = 0;
		};
		17D5C0B92A2BE0F500BAC8BC /* Sources */ = {
			isa = PBXSourcesBuildPhase;
			buildActionMask = 2147483647;
			files = (
				176299DA2A3DDC960013492B /* MockNetworkManagerResponses.swift in Sources */,
				176299D82A3DCB4E0013492B /* NetworkManagerTest.swift in Sources */,
				176299DE2A3DDF9E0013492B /* MockNetworkManagerTest.swift in Sources */,
				176299DC2A3DDD3B0013492B /* MockNetworkManagerMethods.swift in Sources */,
			);
			runOnlyForDeploymentPostprocessing = 0;
		};
		17D5C0C32A2BE0F500BAC8BC /* Sources */ = {
			isa = PBXSourcesBuildPhase;
			buildActionMask = 2147483647;
			files = (
				17D5C0CC2A2BE0F500BAC8BC /* EasyBuyAdminUITests.swift in Sources */,
				17D5C0CE2A2BE0F500BAC8BC /* EasyBuyAdminUITestsLaunchTests.swift in Sources */,
			);
			runOnlyForDeploymentPostprocessing = 0;
		};
/* End PBXSourcesBuildPhase section */

/* Begin PBXTargetDependency section */
		17D5C0BF2A2BE0F500BAC8BC /* PBXTargetDependency */ = {
			isa = PBXTargetDependency;
			target = 17D5C0AC2A2BE0F200BAC8BC /* EasyBuyAdmin */;
			targetProxy = 17D5C0BE2A2BE0F500BAC8BC /* PBXContainerItemProxy */;
		};
		17D5C0C92A2BE0F500BAC8BC /* PBXTargetDependency */ = {
			isa = PBXTargetDependency;
			target = 17D5C0AC2A2BE0F200BAC8BC /* EasyBuyAdmin */;
			targetProxy = 17D5C0C82A2BE0F500BAC8BC /* PBXContainerItemProxy */;
		};
/* End PBXTargetDependency section */

/* Begin XCBuildConfiguration section */
		17D5C0CF2A2BE0F500BAC8BC /* Debug */ = {
			isa = XCBuildConfiguration;
			buildSettings = {
				ALWAYS_SEARCH_USER_PATHS = NO;
				CLANG_ANALYZER_NONNULL = YES;
				CLANG_ANALYZER_NUMBER_OBJECT_CONVERSION = YES_AGGRESSIVE;
				CLANG_CXX_LANGUAGE_STANDARD = "gnu++20";
				CLANG_ENABLE_MODULES = YES;
				CLANG_ENABLE_OBJC_ARC = YES;
				CLANG_ENABLE_OBJC_WEAK = YES;
				CLANG_WARN_BLOCK_CAPTURE_AUTORELEASING = YES;
				CLANG_WARN_BOOL_CONVERSION = YES;
				CLANG_WARN_COMMA = YES;
				CLANG_WARN_CONSTANT_CONVERSION = YES;
				CLANG_WARN_DEPRECATED_OBJC_IMPLEMENTATIONS = YES;
				CLANG_WARN_DIRECT_OBJC_ISA_USAGE = YES_ERROR;
				CLANG_WARN_DOCUMENTATION_COMMENTS = YES;
				CLANG_WARN_EMPTY_BODY = YES;
				CLANG_WARN_ENUM_CONVERSION = YES;
				CLANG_WARN_INFINITE_RECURSION = YES;
				CLANG_WARN_INT_CONVERSION = YES;
				CLANG_WARN_NON_LITERAL_NULL_CONVERSION = YES;
				CLANG_WARN_OBJC_IMPLICIT_RETAIN_SELF = YES;
				CLANG_WARN_OBJC_LITERAL_CONVERSION = YES;
				CLANG_WARN_OBJC_ROOT_CLASS = YES_ERROR;
				CLANG_WARN_QUOTED_INCLUDE_IN_FRAMEWORK_HEADER = YES;
				CLANG_WARN_RANGE_LOOP_ANALYSIS = YES;
				CLANG_WARN_STRICT_PROTOTYPES = YES;
				CLANG_WARN_SUSPICIOUS_MOVE = YES;
				CLANG_WARN_UNGUARDED_AVAILABILITY = YES_AGGRESSIVE;
				CLANG_WARN_UNREACHABLE_CODE = YES;
				CLANG_WARN__DUPLICATE_METHOD_MATCH = YES;
				COPY_PHASE_STRIP = NO;
				DEBUG_INFORMATION_FORMAT = dwarf;
				ENABLE_STRICT_OBJC_MSGSEND = YES;
				ENABLE_TESTABILITY = YES;
				GCC_C_LANGUAGE_STANDARD = gnu11;
				GCC_DYNAMIC_NO_PIC = NO;
				GCC_NO_COMMON_BLOCKS = YES;
				GCC_OPTIMIZATION_LEVEL = 0;
				GCC_PREPROCESSOR_DEFINITIONS = (
					"DEBUG=1",
					"$(inherited)",
				);
				GCC_WARN_64_TO_32_BIT_CONVERSION = YES;
				GCC_WARN_ABOUT_RETURN_TYPE = YES_ERROR;
				GCC_WARN_UNDECLARED_SELECTOR = YES;
				GCC_WARN_UNINITIALIZED_AUTOS = YES_AGGRESSIVE;
				GCC_WARN_UNUSED_FUNCTION = YES;
				GCC_WARN_UNUSED_VARIABLE = YES;
				IPHONEOS_DEPLOYMENT_TARGET = 16.2;
				MTL_ENABLE_DEBUG_INFO = INCLUDE_SOURCE;
				MTL_FAST_MATH = YES;
				ONLY_ACTIVE_ARCH = YES;
				SDKROOT = iphoneos;
				SWIFT_ACTIVE_COMPILATION_CONDITIONS = DEBUG;
				SWIFT_OPTIMIZATION_LEVEL = "-Onone";
			};
			name = Debug;
		};
		17D5C0D02A2BE0F500BAC8BC /* Release */ = {
			isa = XCBuildConfiguration;
			buildSettings = {
				ALWAYS_SEARCH_USER_PATHS = NO;
				CLANG_ANALYZER_NONNULL = YES;
				CLANG_ANALYZER_NUMBER_OBJECT_CONVERSION = YES_AGGRESSIVE;
				CLANG_CXX_LANGUAGE_STANDARD = "gnu++20";
				CLANG_ENABLE_MODULES = YES;
				CLANG_ENABLE_OBJC_ARC = YES;
				CLANG_ENABLE_OBJC_WEAK = YES;
				CLANG_WARN_BLOCK_CAPTURE_AUTORELEASING = YES;
				CLANG_WARN_BOOL_CONVERSION = YES;
				CLANG_WARN_COMMA = YES;
				CLANG_WARN_CONSTANT_CONVERSION = YES;
				CLANG_WARN_DEPRECATED_OBJC_IMPLEMENTATIONS = YES;
				CLANG_WARN_DIRECT_OBJC_ISA_USAGE = YES_ERROR;
				CLANG_WARN_DOCUMENTATION_COMMENTS = YES;
				CLANG_WARN_EMPTY_BODY = YES;
				CLANG_WARN_ENUM_CONVERSION = YES;
				CLANG_WARN_INFINITE_RECURSION = YES;
				CLANG_WARN_INT_CONVERSION = YES;
				CLANG_WARN_NON_LITERAL_NULL_CONVERSION = YES;
				CLANG_WARN_OBJC_IMPLICIT_RETAIN_SELF = YES;
				CLANG_WARN_OBJC_LITERAL_CONVERSION = YES;
				CLANG_WARN_OBJC_ROOT_CLASS = YES_ERROR;
				CLANG_WARN_QUOTED_INCLUDE_IN_FRAMEWORK_HEADER = YES;
				CLANG_WARN_RANGE_LOOP_ANALYSIS = YES;
				CLANG_WARN_STRICT_PROTOTYPES = YES;
				CLANG_WARN_SUSPICIOUS_MOVE = YES;
				CLANG_WARN_UNGUARDED_AVAILABILITY = YES_AGGRESSIVE;
				CLANG_WARN_UNREACHABLE_CODE = YES;
				CLANG_WARN__DUPLICATE_METHOD_MATCH = YES;
				COPY_PHASE_STRIP = NO;
				DEBUG_INFORMATION_FORMAT = "dwarf-with-dsym";
				ENABLE_NS_ASSERTIONS = NO;
				ENABLE_STRICT_OBJC_MSGSEND = YES;
				GCC_C_LANGUAGE_STANDARD = gnu11;
				GCC_NO_COMMON_BLOCKS = YES;
				GCC_WARN_64_TO_32_BIT_CONVERSION = YES;
				GCC_WARN_ABOUT_RETURN_TYPE = YES_ERROR;
				GCC_WARN_UNDECLARED_SELECTOR = YES;
				GCC_WARN_UNINITIALIZED_AUTOS = YES_AGGRESSIVE;
				GCC_WARN_UNUSED_FUNCTION = YES;
				GCC_WARN_UNUSED_VARIABLE = YES;
				IPHONEOS_DEPLOYMENT_TARGET = 16.2;
				MTL_ENABLE_DEBUG_INFO = NO;
				MTL_FAST_MATH = YES;
				SDKROOT = iphoneos;
				SWIFT_COMPILATION_MODE = wholemodule;
				SWIFT_OPTIMIZATION_LEVEL = "-O";
				VALIDATE_PRODUCT = YES;
			};
			name = Release;
		};
		17D5C0D22A2BE0F500BAC8BC /* Debug */ = {
			isa = XCBuildConfiguration;
			baseConfigurationReference = C5E0F5F145F32174436D2FC1 /* Pods-EasyBuyAdmin.debug.xcconfig */;
			buildSettings = {
				ASSETCATALOG_COMPILER_APPICON_NAME = AppIcon;
				ASSETCATALOG_COMPILER_GLOBAL_ACCENT_COLOR_NAME = AccentColor;
				CODE_SIGN_STYLE = Automatic;
				CURRENT_PROJECT_VERSION = 1;
				DEVELOPMENT_ASSET_PATHS = "\"EasyBuyAdmin/App/Assets/Preview Content\"";
				DEVELOPMENT_TEAM = CV64V222GG;
				ENABLE_PREVIEWS = YES;
				GENERATE_INFOPLIST_FILE = YES;
				INFOPLIST_FILE = EasyBuyAdmin/Info.plist;
				INFOPLIST_KEY_UIApplicationSceneManifest_Generation = YES;
				INFOPLIST_KEY_UIApplicationSupportsIndirectInputEvents = YES;
				INFOPLIST_KEY_UILaunchScreen_Generation = YES;
				INFOPLIST_KEY_UISupportedInterfaceOrientations_iPad = "UIInterfaceOrientationPortrait UIInterfaceOrientationPortraitUpsideDown UIInterfaceOrientationLandscapeLeft UIInterfaceOrientationLandscapeRight";
				INFOPLIST_KEY_UISupportedInterfaceOrientations_iPhone = "UIInterfaceOrientationPortrait UIInterfaceOrientationLandscapeLeft UIInterfaceOrientationLandscapeRight";
				IPHONEOS_DEPLOYMENT_TARGET = 15.0;
				LD_RUNPATH_SEARCH_PATHS = (
					"$(inherited)",
					"@executable_path/Frameworks",
				);
				MARKETING_VERSION = 1.0;
				PRODUCT_BUNDLE_IDENTIFIER = com.EasyBuyAdmin;
				PRODUCT_NAME = "$(TARGET_NAME)";
				SWIFT_EMIT_LOC_STRINGS = YES;
				SWIFT_VERSION = 5.0;
				TARGETED_DEVICE_FAMILY = "1,2";
			};
			name = Debug;
		};
		17D5C0D32A2BE0F500BAC8BC /* Release */ = {
			isa = XCBuildConfiguration;
			baseConfigurationReference = 9F5DB0E1885EFED0B7F41EE8 /* Pods-EasyBuyAdmin.release.xcconfig */;
			buildSettings = {
				ASSETCATALOG_COMPILER_APPICON_NAME = AppIcon;
				ASSETCATALOG_COMPILER_GLOBAL_ACCENT_COLOR_NAME = AccentColor;
				CODE_SIGN_STYLE = Automatic;
				CURRENT_PROJECT_VERSION = 1;
				DEVELOPMENT_ASSET_PATHS = "\"EasyBuyAdmin/App/Assets/Preview Content\"";
				DEVELOPMENT_TEAM = CV64V222GG;
				ENABLE_PREVIEWS = YES;
				GENERATE_INFOPLIST_FILE = YES;
				INFOPLIST_FILE = EasyBuyAdmin/Info.plist;
				INFOPLIST_KEY_UIApplicationSceneManifest_Generation = YES;
				INFOPLIST_KEY_UIApplicationSupportsIndirectInputEvents = YES;
				INFOPLIST_KEY_UILaunchScreen_Generation = YES;
				INFOPLIST_KEY_UISupportedInterfaceOrientations_iPad = "UIInterfaceOrientationPortrait UIInterfaceOrientationPortraitUpsideDown UIInterfaceOrientationLandscapeLeft UIInterfaceOrientationLandscapeRight";
				INFOPLIST_KEY_UISupportedInterfaceOrientations_iPhone = "UIInterfaceOrientationPortrait UIInterfaceOrientationLandscapeLeft UIInterfaceOrientationLandscapeRight";
				IPHONEOS_DEPLOYMENT_TARGET = 15.0;
				LD_RUNPATH_SEARCH_PATHS = (
					"$(inherited)",
					"@executable_path/Frameworks",
				);
				MARKETING_VERSION = 1.0;
				PRODUCT_BUNDLE_IDENTIFIER = com.EasyBuyAdmin;
				PRODUCT_NAME = "$(TARGET_NAME)";
				SWIFT_EMIT_LOC_STRINGS = YES;
				SWIFT_VERSION = 5.0;
				TARGETED_DEVICE_FAMILY = "1,2";
			};
			name = Release;
		};
		17D5C0D52A2BE0F500BAC8BC /* Debug */ = {
			isa = XCBuildConfiguration;
			baseConfigurationReference = B169F3C0D7F0ED82EEA79F25 /* Pods-EasyBuyAdminTests.debug.xcconfig */;
			buildSettings = {
				ALWAYS_EMBED_SWIFT_STANDARD_LIBRARIES = YES;
				BUNDLE_LOADER = "$(TEST_HOST)";
				CODE_SIGN_STYLE = Automatic;
				CURRENT_PROJECT_VERSION = 1;
				DEVELOPMENT_TEAM = CV64V222GG;
				GENERATE_INFOPLIST_FILE = YES;
				IPHONEOS_DEPLOYMENT_TARGET = 16.2;
				MARKETING_VERSION = 1.0;
				PRODUCT_BUNDLE_IDENTIFIER = com.EasyBuyAdminTests;
				PRODUCT_NAME = "$(TARGET_NAME)";
				SWIFT_EMIT_LOC_STRINGS = NO;
				SWIFT_VERSION = 5.0;
				TARGETED_DEVICE_FAMILY = "1,2";
				TEST_HOST = "$(BUILT_PRODUCTS_DIR)/EasyBuyAdmin.app/$(BUNDLE_EXECUTABLE_FOLDER_PATH)/EasyBuyAdmin";
			};
			name = Debug;
		};
		17D5C0D62A2BE0F500BAC8BC /* Release */ = {
			isa = XCBuildConfiguration;
			baseConfigurationReference = 60D9FA02FB9A96B091FE02EB /* Pods-EasyBuyAdminTests.release.xcconfig */;
			buildSettings = {
				ALWAYS_EMBED_SWIFT_STANDARD_LIBRARIES = YES;
				BUNDLE_LOADER = "$(TEST_HOST)";
				CODE_SIGN_STYLE = Automatic;
				CURRENT_PROJECT_VERSION = 1;
				DEVELOPMENT_TEAM = CV64V222GG;
				GENERATE_INFOPLIST_FILE = YES;
				IPHONEOS_DEPLOYMENT_TARGET = 16.2;
				MARKETING_VERSION = 1.0;
				PRODUCT_BUNDLE_IDENTIFIER = com.EasyBuyAdminTests;
				PRODUCT_NAME = "$(TARGET_NAME)";
				SWIFT_EMIT_LOC_STRINGS = NO;
				SWIFT_VERSION = 5.0;
				TARGETED_DEVICE_FAMILY = "1,2";
				TEST_HOST = "$(BUILT_PRODUCTS_DIR)/EasyBuyAdmin.app/$(BUNDLE_EXECUTABLE_FOLDER_PATH)/EasyBuyAdmin";
			};
			name = Release;
		};
		17D5C0D82A2BE0F500BAC8BC /* Debug */ = {
			isa = XCBuildConfiguration;
			baseConfigurationReference = D644F5D830AC761F7486432A /* Pods-EasyBuyAdmin-EasyBuyAdminUITests.debug.xcconfig */;
			buildSettings = {
				ALWAYS_EMBED_SWIFT_STANDARD_LIBRARIES = YES;
				CODE_SIGN_STYLE = Automatic;
				CURRENT_PROJECT_VERSION = 1;
				DEVELOPMENT_TEAM = CV64V222GG;
				GENERATE_INFOPLIST_FILE = YES;
				MARKETING_VERSION = 1.0;
				PRODUCT_BUNDLE_IDENTIFIER = com.EasyBuyAdminUITests;
				PRODUCT_NAME = "$(TARGET_NAME)";
				SWIFT_EMIT_LOC_STRINGS = NO;
				SWIFT_VERSION = 5.0;
				TARGETED_DEVICE_FAMILY = "1,2";
				TEST_TARGET_NAME = EasyBuyAdmin;
			};
			name = Debug;
		};
		17D5C0D92A2BE0F500BAC8BC /* Release */ = {
			isa = XCBuildConfiguration;
			baseConfigurationReference = 8599D02B7830B11AB6B4B1C6 /* Pods-EasyBuyAdmin-EasyBuyAdminUITests.release.xcconfig */;
			buildSettings = {
				ALWAYS_EMBED_SWIFT_STANDARD_LIBRARIES = YES;
				CODE_SIGN_STYLE = Automatic;
				CURRENT_PROJECT_VERSION = 1;
				DEVELOPMENT_TEAM = CV64V222GG;
				GENERATE_INFOPLIST_FILE = YES;
				MARKETING_VERSION = 1.0;
				PRODUCT_BUNDLE_IDENTIFIER = com.EasyBuyAdminUITests;
				PRODUCT_NAME = "$(TARGET_NAME)";
				SWIFT_EMIT_LOC_STRINGS = NO;
				SWIFT_VERSION = 5.0;
				TARGETED_DEVICE_FAMILY = "1,2";
				TEST_TARGET_NAME = EasyBuyAdmin;
			};
			name = Release;
		};
/* End XCBuildConfiguration section */

/* Begin XCConfigurationList section */
		17D5C0A82A2BE0F200BAC8BC /* Build configuration list for PBXProject "EasyBuyAdmin" */ = {
			isa = XCConfigurationList;
			buildConfigurations = (
				17D5C0CF2A2BE0F500BAC8BC /* Debug */,
				17D5C0D02A2BE0F500BAC8BC /* Release */,
			);
			defaultConfigurationIsVisible = 0;
			defaultConfigurationName = Release;
		};
		17D5C0D12A2BE0F500BAC8BC /* Build configuration list for PBXNativeTarget "EasyBuyAdmin" */ = {
			isa = XCConfigurationList;
			buildConfigurations = (
				17D5C0D22A2BE0F500BAC8BC /* Debug */,
				17D5C0D32A2BE0F500BAC8BC /* Release */,
			);
			defaultConfigurationIsVisible = 0;
			defaultConfigurationName = Release;
		};
		17D5C0D42A2BE0F500BAC8BC /* Build configuration list for PBXNativeTarget "EasyBuyAdminTests" */ = {
			isa = XCConfigurationList;
			buildConfigurations = (
				17D5C0D52A2BE0F500BAC8BC /* Debug */,
				17D5C0D62A2BE0F500BAC8BC /* Release */,
			);
			defaultConfigurationIsVisible = 0;
			defaultConfigurationName = Release;
		};
		17D5C0D72A2BE0F500BAC8BC /* Build configuration list for PBXNativeTarget "EasyBuyAdminUITests" */ = {
			isa = XCConfigurationList;
			buildConfigurations = (
				17D5C0D82A2BE0F500BAC8BC /* Debug */,
				17D5C0D92A2BE0F500BAC8BC /* Release */,
			);
			defaultConfigurationIsVisible = 0;
			defaultConfigurationName = Release;
		};
/* End XCConfigurationList section */

/* Begin XCRemoteSwiftPackageReference section */
		17D5C0E82A2BE6C400BAC8BC /* XCRemoteSwiftPackageReference "Kingfisher" */ = {
			isa = XCRemoteSwiftPackageReference;
			repositoryURL = "https://github.com/onevcat/Kingfisher.git";
			requirement = {
				kind = exactVersion;
				version = 7.7.0;
			};
		};
		17D5C0EB2A2BE6D400BAC8BC /* XCRemoteSwiftPackageReference "lottie-ios" */ = {
			isa = XCRemoteSwiftPackageReference;
			repositoryURL = "https://github.com/airbnb/lottie-ios.git";
			requirement = {
				kind = exactVersion;
				version = 4.2.0;
			};
		};
		17D5C0EE2A2BE6E500BAC8BC /* XCRemoteSwiftPackageReference "Alamofire" */ = {
			isa = XCRemoteSwiftPackageReference;
			repositoryURL = "https://github.com/Alamofire/Alamofire.git";
			requirement = {
				kind = exactVersion;
				version = 5.7.1;
			};
		};
/* End XCRemoteSwiftPackageReference section */

/* Begin XCSwiftPackageProductDependency section */
		17D5C0E92A2BE6C400BAC8BC /* Kingfisher */ = {
			isa = XCSwiftPackageProductDependency;
			package = 17D5C0E82A2BE6C400BAC8BC /* XCRemoteSwiftPackageReference "Kingfisher" */;
			productName = Kingfisher;
		};
		17D5C0EC2A2BE6D400BAC8BC /* Lottie */ = {
			isa = XCSwiftPackageProductDependency;
			package = 17D5C0EB2A2BE6D400BAC8BC /* XCRemoteSwiftPackageReference "lottie-ios" */;
			productName = Lottie;
		};
		17D5C0EF2A2BE6E500BAC8BC /* Alamofire */ = {
			isa = XCSwiftPackageProductDependency;
			package = 17D5C0EE2A2BE6E500BAC8BC /* XCRemoteSwiftPackageReference "Alamofire" */;
			productName = Alamofire;
		};
/* End XCSwiftPackageProductDependency section */
	};
	rootObject = 17D5C0A52A2BE0F200BAC8BC /* Project object */;
}
